
Microsoft Visual Studio Solution File, Format Version 12.00
# Visual Studio 15
VisualStudioVersion = 15.0.28010.2050
MinimumVisualStudioVersion = 10.0.40219.1
Project("{FAE04EC0-301F-11D3-BF4B-00C04F79EFBC}") = "TrialApp.Android", "TrialApp\TrialApp.Android\TrialApp.Android.csproj", "{CABF0C7C-289A-4153-8FA8-B336EAEEB14C}"
EndProject
Project("{FAE04EC0-301F-11D3-BF4B-00C04F79EFBC}") = "TrialApp", "TrialApp\TrialApp\TrialApp.csproj", "{B3E96177-EB6F-4B92-A420-A2D95FF4665D}"
EndProject
Global
	GlobalSection(SolutionConfigurationPlatforms) = preSolution
		Debug|Any CPU = Debug|Any CPU
		Release|Any CPU = Release|Any CPU
	EndGlobalSection
	GlobalSection(ProjectConfigurationPlatforms) = postSolution
		{CABF0C7C-289A-4153-8FA8-B336EAEEB14C}.Debug|Any CPU.ActiveCfg = Debug|Any CPU
		{CABF0C7C-289A-4153-8FA8-B336EAEEB14C}.Debug|Any CPU.Build.0 = Debug|Any CPU
		{CABF0C7C-289A-4153-8FA8-B336EAEEB14C}.Debug|Any CPU.Deploy.0 = Debug|Any CPU
		{CABF0C7C-289A-4153-8FA8-B336EAEEB14C}.Release|Any CPU.ActiveCfg = Release|Any CPU
		{CABF0C7C-289A-4153-8FA8-B336EAEEB14C}.Release|Any CPU.Build.0 = Release|Any CPU
		{CABF0C7C-289A-4153-8FA8-B336EAEEB14C}.Release|Any CPU.Deploy.0 = Release|Any CPU
		{B3E96177-EB6F-4B92-A420-A2D95FF4665D}.Debug|Any CPU.ActiveCfg = Debug|Any CPU
		{B3E96177-EB6F-4B92-A420-A2D95FF4665D}.Debug|Any CPU.Build.0 = Debug|Any CPU
		{B3E96177-EB6F-4B92-A420-A2D95FF4665D}.Debug|Any CPU.Deploy.0 = Debug|Any CPU
		{B3E96177-EB6F-4B92-A420-A2D95FF4665D}.Release|Any CPU.ActiveCfg = Release|Any CPU
		{B3E96177-EB6F-4B92-A420-A2D95FF4665D}.Release|Any CPU.Build.0 = Release|Any CPU
		{B3E96177-EB6F-4B92-A420-A2D95FF4665D}.Release|Any CPU.Deploy.0 = Release|Any CPU
	EndGlobalSection
	GlobalSection(SolutionProperties) = preSolution
		HideSolutionNode = FALSE
	EndGlobalSection
	GlobalSection(ExtensibilityGlobals) = postSolution
		SolutionGuid = {2321F24D-1DD5-4940-BD42-4A20D4833E40}
	EndGlobalSection
EndGlobal
